
Microsoft Visual Studio Solution File, Format Version 12.00
# Visual Studio 14
VisualStudioVersion = 14.0.23107.0
MinimumVisualStudioVersion = 10.0.40219.1
Project("{FAE04EC0-301F-11D3-BF4B-00C04F79EFBC}") = "Benchmarks", "sources\Benchmarks\Benchmarks.csproj", "{98A1F4FE-4DBF-44D8-8148-FCA6897FB8FA}"
EndProject
Project("{2150E333-8FDC-42A3-9474-1A3956D46DE8}") = "Async", "Async", "{D758876B-BBBC-4A30-BA4D-4108E61E0FDA}"
EndProject
Project("{FAE04EC0-301F-11D3-BF4B-00C04F79EFBC}") = "RunWithoutAwait", "sources\Async\RunWithoutAwait\RunWithoutAwait.csproj", "{69FC8B2B-4660-41AF-8AD6-B59E2F79ED8E}"
EndProject
Project("{FAE04EC0-301F-11D3-BF4B-00C04F79EFBC}") = "TaskCancellation", "sources\Async\TaskCancellation\TaskCancellation.csproj", "{B1A97CD5-7275-4932-A11C-DCA6760C99FD}"
EndProject
Project("{FAE04EC0-301F-11D3-BF4B-00C04F79EFBC}") = "WaitSeveralTasks", "sources\Async\WaitSeveralTasks\WaitSeveralTasks.csproj", "{9B2CE933-8204-4C8C-A880-9A0F3DF23F5D}"
EndProject
Global
	GlobalSection(SolutionConfigurationPlatforms) = preSolution
		Debug|Any CPU = Debug|Any CPU
		Release|Any CPU = Release|Any CPU
	EndGlobalSection
	GlobalSection(ProjectConfigurationPlatforms) = postSolution
		{98A1F4FE-4DBF-44D8-8148-FCA6897FB8FA}.Debug|Any CPU.ActiveCfg = Debug|Any CPU
		{98A1F4FE-4DBF-44D8-8148-FCA6897FB8FA}.Debug|Any CPU.Build.0 = Debug|Any CPU
		{98A1F4FE-4DBF-44D8-8148-FCA6897FB8FA}.Release|Any CPU.ActiveCfg = Release|Any CPU
		{98A1F4FE-4DBF-44D8-8148-FCA6897FB8FA}.Release|Any CPU.Build.0 = Release|Any CPU
		{69FC8B2B-4660-41AF-8AD6-B59E2F79ED8E}.Debug|Any CPU.ActiveCfg = Debug|Any CPU
		{69FC8B2B-4660-41AF-8AD6-B59E2F79ED8E}.Debug|Any CPU.Build.0 = Debug|Any CPU
		{69FC8B2B-4660-41AF-8AD6-B59E2F79ED8E}.Release|Any CPU.ActiveCfg = Release|Any CPU
		{69FC8B2B-4660-41AF-8AD6-B59E2F79ED8E}.Release|Any CPU.Build.0 = Release|Any CPU
		{B1A97CD5-7275-4932-A11C-DCA6760C99FD}.Debug|Any CPU.ActiveCfg = Debug|Any CPU
		{B1A97CD5-7275-4932-A11C-DCA6760C99FD}.Debug|Any CPU.Build.0 = Debug|Any CPU
		{B1A97CD5-7275-4932-A11C-DCA6760C99FD}.Release|Any CPU.ActiveCfg = Release|Any CPU
		{B1A97CD5-7275-4932-A11C-DCA6760C99FD}.Release|Any CPU.Build.0 = Release|Any CPU
		{9B2CE933-8204-4C8C-A880-9A0F3DF23F5D}.Debug|Any CPU.ActiveCfg = Debug|Any CPU
		{9B2CE933-8204-4C8C-A880-9A0F3DF23F5D}.Debug|Any CPU.Build.0 = Debug|Any CPU
		{9B2CE933-8204-4C8C-A880-9A0F3DF23F5D}.Release|Any CPU.ActiveCfg = Release|Any CPU
		{9B2CE933-8204-4C8C-A880-9A0F3DF23F5D}.Release|Any CPU.Build.0 = Release|Any CPU
	EndGlobalSection
	GlobalSection(SolutionProperties) = preSolution
		HideSolutionNode = FALSE
	EndGlobalSection
	GlobalSection(NestedProjects) = preSolution
		{69FC8B2B-4660-41AF-8AD6-B59E2F79ED8E} = {D758876B-BBBC-4A30-BA4D-4108E61E0FDA}
		{B1A97CD5-7275-4932-A11C-DCA6760C99FD} = {D758876B-BBBC-4A30-BA4D-4108E61E0FDA}
		{9B2CE933-8204-4C8C-A880-9A0F3DF23F5D} = {D758876B-BBBC-4A30-BA4D-4108E61E0FDA}
	EndGlobalSection
EndGlobal
